
Microsoft Visual Studio Solution File, Format Version 12.00
# Visual Studio Version 17
VisualStudioVersion = 17.5.33516.290
MinimumVisualStudioVersion = 10.0.40219.1
Project("{FAE04EC0-301F-11D3-BF4B-00C04F79EFBC}") = "MembroEstaticoExercicio", "MembroEstaticoExercicio\MembroEstaticoExercicio.csproj", "{AEB08C45-46E2-49D8-902C-BCD45783B90E}"
EndProject
Global
	GlobalSection(SolutionConfigurationPlatforms) = preSolution
		Debug|Any CPU = Debug|Any CPU
		Release|Any CPU = Release|Any CPU
	EndGlobalSection
	GlobalSection(ProjectConfigurationPlatforms) = postSolution
		{AEB08C45-46E2-49D8-902C-BCD45783B90E}.Debug|Any CPU.ActiveCfg = Debug|Any CPU
		{AEB08C45-46E2-49D8-902C-BCD45783B90E}.Debug|Any CPU.Build.0 = Debug|Any CPU
		{AEB08C45-46E2-49D8-902C-BCD45783B90E}.Release|Any CPU.ActiveCfg = Release|Any CPU
		{AEB08C45-46E2-49D8-902C-BCD45783B90E}.Release|Any CPU.Build.0 = Release|Any CPU
	EndGlobalSection
	GlobalSection(SolutionProperties) = preSolution
		HideSolutionNode = FALSE
	EndGlobalSection
	GlobalSection(ExtensibilityGlobals) = postSolution
		SolutionGuid = {F7FBB06B-81FC-4075-AB1A-2100393695A8}
	EndGlobalSection
EndGlobal
